
Microsoft Visual Studio Solution File, Format Version 12.00
# Visual Studio 15
VisualStudioVersion = 15.0.28307.1000
MinimumVisualStudioVersion = 10.0.40219.1
Project("{E24C65DC-7377-472B-9ABA-BC803B73C61A}") = "InternetProgrammingProject", "InternetProgrammingProject\", "{E7242323-0F23-4CC8-81F3-DA0500DAE3DD}"
	ProjectSection(WebsiteProperties) = preProject
		TargetFrameworkMoniker = ".NETFramework,Version%3Dv4.6.1"
		Debug.AspNetCompiler.VirtualPath = "/localhost_51277"
		Debug.AspNetCompiler.PhysicalPath = "InternetProgrammingProject\"
		Debug.AspNetCompiler.TargetPath = "PrecompiledWeb\localhost_51277\"
		Debug.AspNetCompiler.Updateable = "true"
		Debug.AspNetCompiler.ForceOverwrite = "true"
		Debug.AspNetCompiler.FixedNames = "false"
		Debug.AspNetCompiler.Debug = "True"
		Release.AspNetCompiler.VirtualPath = "/localhost_51277"
		Release.AspNetCompiler.PhysicalPath = "InternetProgrammingProject\"
		Release.AspNetCompiler.TargetPath = "PrecompiledWeb\localhost_51277\"
		Release.AspNetCompiler.Updateable = "true"
		Release.AspNetCompiler.ForceOverwrite = "true"
		Release.AspNetCompiler.FixedNames = "false"
		Release.AspNetCompiler.Debug = "False"
		VWDPort = "51277"
		SlnRelativePath = "InternetProgrammingProject\"
		DefaultWebSiteLanguage = "Visual C#"
	EndProjectSection
EndProject
Global
	GlobalSection(SolutionConfigurationPlatforms) = preSolution
		Debug|Any CPU = Debug|Any CPU
	EndGlobalSection
	GlobalSection(ProjectConfigurationPlatforms) = postSolution
		{E7242323-0F23-4CC8-81F3-DA0500DAE3DD}.Debug|Any CPU.ActiveCfg = Debug|Any CPU
		{E7242323-0F23-4CC8-81F3-DA0500DAE3DD}.Debug|Any CPU.Build.0 = Debug|Any CPU
	EndGlobalSection
	GlobalSection(SolutionProperties) = preSolution
		HideSolutionNode = FALSE
	EndGlobalSection
	GlobalSection(ExtensibilityGlobals) = postSolution
		SolutionGuid = {74EB32FD-1AAA-42BB-80D5-2FAEFF106632}
	EndGlobalSection
EndGlobal
